// !$*UTF8*$!
{
	archiveVersion = 1;
	classes = {
	};
	objectVersion = 46;
	objects = {

/* Begin PBXBuildFile section */
		9F86AB8C1BF1E138006182C3 /* main.m in Sources */ = {isa = PBXBuildFile; fileRef = 9F86AB8B1BF1E138006182C3 /* main.m */; };
		9F86AB8F1BF1E138006182C3 /* AppDelegate.m in Sources */ = {isa = PBXBuildFile; fileRef = 9F86AB8E1BF1E138006182C3 /* AppDelegate.m */; };
		9F86AB911BF1E138006182C3 /* Assets.xcassets in Resources */ = {isa = PBXBuildFile; fileRef = 9F86AB901BF1E138006182C3 /* Assets.xcassets */; };
		9F86AB941BF1E138006182C3 /* LaunchScreen.storyboard in Resources */ = {isa = PBXBuildFile; fileRef = 9F86AB921BF1E138006182C3 /* LaunchScreen.storyboard */; };
		9F86AB9D1BF1E161006182C3 /* ZXZContact.m in Sources */ = {isa = PBXBuildFile; fileRef = 9F86AB9C1BF1E161006182C3 /* ZXZContact.m */; settings = {ASSET_TAGS = (); }; };
		9F86ABA01BF1E33F006182C3 /* ZXZContactGroup.m in Sources */ = {isa = PBXBuildFile; fileRef = 9F86AB9F1BF1E33F006182C3 /* ZXZContactGroup.m */; settings = {ASSET_TAGS = (); }; };
		9F86ABA31BF1E54D006182C3 /* ZXZContactTableViewController.m in Sources */ = {isa = PBXBuildFile; fileRef = 9F86ABA21BF1E54D006182C3 /* ZXZContactTableViewController.m */; settings = {ASSET_TAGS = (); }; };
/* End PBXBuildFile section */

/* Begin PBXFileReference section */
		9F86AB871BF1E138006182C3 /* MyTableView.app */ = {isa = PBXFileReference; explicitFileType = wrapper.application; includeInIndex = 0; path = MyTableView.app; sourceTree = BUILT_PRODUCTS_DIR; };
		9F86AB8B1BF1E138006182C3 /* main.m */ = {isa = PBXFileReference; lastKnownFileType = sourcecode.c.objc; path = main.m; sourceTree = "<group>"; };
		9F86AB8D1BF1E138006182C3 /* AppDelegate.h */ = {isa = PBXFileReference; lastKnownFileType = sourcecode.c.h; path = AppDelegate.h; sourceTree = "<group>"; };
		9F86AB8E1BF1E138006182C3 /* AppDelegate.m */ = {isa = PBXFileReference; lastKnownFileType = sourcecode.c.objc; path = AppDelegate.m; sourceTree = "<group>"; };
		9F86AB901BF1E138006182C3 /* Assets.xcassets */ = {isa = PBXFileReference; lastKnownFileType = folder.assetcatalog; path = Assets.xcassets; sourceTree = "<group>"; };
		9F86AB931BF1E138006182C3 /* Base */ = {isa = PBXFileReference; lastKnownFileType = file.storyboard; name = Base; path = Base.lproj/LaunchScreen.storyboard; sourceTree = "<group>"; };
		9F86AB951BF1E138006182C3 /* Info.plist */ = {isa = PBXFileReference; lastKnownFileType = text.plist.xml; path = Info.plist; sourceTree = "<group>"; };
		9F86AB9B1BF1E161006182C3 /* ZXZContact.h */ = {isa = PBXFileReference; fileEncoding = 4; lastKnownFileType = sourcecode.c.h; path = ZXZContact.h; sourceTree = "<group>"; };
		9F86AB9C1BF1E161006182C3 /* ZXZContact.m */ = {isa = PBXFileReference; fileEncoding = 4; lastKnownFileType = sourcecode.c.objc; path = ZXZContact.m; sourceTree = "<group>"; };
		9F86AB9E1BF1E33F006182C3 /* ZXZContactGroup.h */ = {isa = PBXFileReference; fileEncoding = 4; lastKnownFileType = sourcecode.c.h; path = ZXZContactGroup.h; sourceTree = "<group>"; };
		9F86AB9F1BF1E33F006182C3 /* ZXZContactGroup.m */ = {isa = PBXFileReference; fileEncoding = 4; lastKnownFileType = sourcecode.c.objc; path = ZXZContactGroup.m; sourceTree = "<group>"; };
		9F86ABA11BF1E54D006182C3 /* ZXZContactTableViewController.h */ = {isa = PBXFileReference; fileEncoding = 4; lastKnownFileType = sourcecode.c.h; path = ZXZContactTableViewController.h; sourceTree = "<group>"; };
		9F86ABA21BF1E54D006182C3 /* ZXZContactTableViewController.m */ = {isa = PBXFileReference; fileEncoding = 4; lastKnownFileType = sourcecode.c.objc; path = ZXZContactTableViewController.m; sourceTree = "<group>"; };
/* End PBXFileReference section */

/* Begin PBXFrameworksBuildPhase section */
		9F86AB841BF1E138006182C3 /* Frameworks */ = {
			isa = PBXFrameworksBuildPhase;
			buildActionMask = 2147483647;
			files = (
			);
			runOnlyForDeploymentPostprocessing = 0;
		};
/* End PBXFrameworksBuildPhase section */

/* Begin PBXGroup section */
		9F86AB7E1BF1E138006182C3 = {
			isa = PBXGroup;
			children = (
				9F86AB891BF1E138006182C3 /* MyTableView */,
				9F86AB881BF1E138006182C3 /* Products */,
			);
			sourceTree = "<group>";
		};
		9F86AB881BF1E138006182C3 /* Products */ = {
			isa = PBXGroup;
			children = (
				9F86AB871BF1E138006182C3 /* MyTableView.app */,
			);
			name = Products;
			sourceTree = "<group>";
		};
		9F86AB891BF1E138006182C3 /* MyTableView */ = {
			isa = PBXGroup;
			children = (
				9F86AB8D1BF1E138006182C3 /* AppDelegate.h */,
				9F86AB8E1BF1E138006182C3 /* AppDelegate.m */,
				9F86AB901BF1E138006182C3 /* Assets.xcassets */,
				9F86AB921BF1E138006182C3 /* LaunchScreen.storyboard */,
				9F86AB951BF1E138006182C3 /* Info.plist */,
				9F86AB8A1BF1E138006182C3 /* Supporting Files */,
				9F86AB9B1BF1E161006182C3 /* ZXZContact.h */,
				9F86AB9C1BF1E161006182C3 /* ZXZContact.m */,
				9F86AB9E1BF1E33F006182C3 /* ZXZContactGroup.h */,
				9F86AB9F1BF1E33F006182C3 /* ZXZContactGroup.m */,
				9F86ABA11BF1E54D006182C3 /* ZXZContactTableViewController.h */,
				9F86ABA21BF1E54D006182C3 /* ZXZContactTableViewController.m */,
			);
			path = MyTableView;
			sourceTree = "<group>";
		};
		9F86AB8A1BF1E138006182C3 /* Supporting Files */ = {
			isa = PBXGroup;
			children = (
				9F86AB8B1BF1E138006182C3 /* main.m */,
			);
			name = "Supporting Files";
			sourceTree = "<group>";
		};
/* End PBXGroup section */

/* Begin PBXNativeTarget section */
		9F86AB861BF1E138006182C3 /* MyTableView */ = {
			isa = PBXNativeTarget;
			buildConfigurationList = 9F86AB981BF1E138006182C3 /* Build configuration list for PBXNativeTarget "MyTableView" */;
			buildPhases = (
				9F86AB831BF1E138006182C3 /* Sources */,
				9F86AB841BF1E138006182C3 /* Frameworks */,
				9F86AB851BF1E138006182C3 /* Resources */,
			);
			buildRules = (
			);
			dependencies = (
			);
			name = MyTableView;
			productName = MyTableView;
			productReference = 9F86AB871BF1E138006182C3 /* MyTableView.app */;
			productType = "com.apple.product-type.application";
		};
/* End PBXNativeTarget section */

/* Begin PBXProject section */
		9F86AB7F1BF1E138006182C3 /* Project object */ = {
			isa = PBXProject;
			attributes = {
				LastUpgradeCheck = 0700;
				ORGANIZATIONNAME = zxz;
				TargetAttributes = {
					9F86AB861BF1E138006182C3 = {
						CreatedOnToolsVersion = 7.0;
						DevelopmentTeam = J49RT79283;
					};
				};
			};
			buildConfigurationList = 9F86AB821BF1E138006182C3 /* Build configuration list for PBXProject "MyTableView" */;
			compatibilityVersion = "Xcode 3.2";
			developmentRegion = English;
			hasScannedForEncodings = 0;
			knownRegions = (
				en,
				Base,
			);
			mainGroup = 9F86AB7E1BF1E138006182C3;
			productRefGroup = 9F86AB881BF1E138006182C3 /* Products */;
			projectDirPath = "";
			projectRoot = "";
			targets = (
				9F86AB861BF1E138006182C3 /* MyTableView */,
			);
		};
/* End PBXProject section */

/* Begin PBXResourcesBuildPhase section */
		9F86AB851BF1E138006182C3 /* Resources */ = {
			isa = PBXResourcesBuildPhase;
			buildActionMask = 2147483647;
			files = (
				9F86AB911BF1E138006182C3 /* Assets.xcassets in Resources */,
				9F86AB941BF1E138006182C3 /* LaunchScreen.storyboard in Resources */,
			);
			runOnlyForDeploymentPostprocessing = 0;
		};
/* End PBXResourcesBuildPhase section */

/* Begin PBXSourcesBuildPhase section */
		9F86AB831BF1E138006182C3 /* Sources */ = {
			isa = PBXSourcesBuildPhase;
			buildActionMask = 2147483647;
			files = (
				9F86ABA31BF1E54D006182C3 /* ZXZContactTableViewController.m in Sources */,
				9F86AB8F1BF1E138006182C3 /* AppDelegate.m in Sources */,
				9F86ABA01BF1E33F006182C3 /* ZXZContactGroup.m in Sources */,
				9F86AB9D1BF1E161006182C3 /* ZXZContact.m in Sources */,
				9F86AB8C1BF1E138006182C3 /* main.m in Sources */,
			);
			runOnlyForDeploymentPostprocessing = 0;
		};
/* End PBXSourcesBuildPhase section */

/* Begin PBXVariantGroup section */
		9F86AB921BF1E138006182C3 /* LaunchScreen.storyboard */ = {
			isa = PBXVariantGroup;
			children = (
				9F86AB931BF1E138006182C3 /* Base */,
			);
			name = LaunchScreen.storyboard;
			sourceTree = "<group>";
		};
/* End PBXVariantGroup section */

/* Begin XCBuildConfiguration section */
		9F86AB961BF1E138006182C3 /* Debug */ = {
			isa = XCBuildConfiguration;
			buildSettings = {
				ALWAYS_SEARCH_USER_PATHS = NO;
				CLANG_CXX_LANGUAGE_STANDARD = "gnu++0x";
				CLANG_CXX_LIBRARY = "libc++";
				CLANG_ENABLE_MODULES = YES;
				CLANG_ENABLE_OBJC_ARC = YES;
				CLANG_WARN_BOOL_CONVERSION = YES;
				CLANG_WARN_CONSTANT_CONVERSION = YES;
				CLANG_WARN_DIRECT_OBJC_ISA_USAGE = YES_ERROR;
				CLANG_WARN_EMPTY_BODY = YES;
				CLANG_WARN_ENUM_CONVERSION = YES;
				CLANG_WARN_INT_CONVERSION = YES;
				CLANG_WARN_OBJC_ROOT_CLASS = YES_ERROR;
				CLANG_WARN_UNREACHABLE_CODE = YES;
				CLANG_WARN__DUPLICATE_METHOD_MATCH = YES;
				"CODE_SIGN_IDENTITY[sdk=iphoneos*]" = "iPhone Developer";
				COPY_PHASE_STRIP = NO;
				DEBUG_INFORMATION_FORMAT = dwarf;
				ENABLE_STRICT_OBJC_MSGSEND = YES;
				ENABLE_TESTABILITY = YES;
				GCC_C_LANGUAGE_STANDARD = gnu99;
				GCC_DYNAMIC_NO_PIC = NO;
				GCC_NO_COMMON_BLOCKS = YES;
				GCC_OPTIMIZATION_LEVEL = 0;
				GCC_PREPROCESSOR_DEFINITIONS = (
					"DEBUG=1",
					"$(inherited)",
				);
				GCC_WARN_64_TO_32_BIT_CONVERSION = YES;
				GCC_WARN_ABOUT_RETURN_TYPE = YES_ERROR;
				GCC_WARN_UNDECLARED_SELECTOR = YES;
				GCC_WARN_UNINITIALIZED_AUTOS = YES_AGGRESSIVE;
				GCC_WARN_UNUSED_FUNCTION = YES;
				GCC_WARN_UNUSED_VARIABLE = YES;
				IPHONEOS_DEPLOYMENT_TARGET = 9.0;
				MTL_ENABLE_DEBUG_INFO = YES;
				ONLY_ACTIVE_ARCH = YES;
				SDKROOT = iphoneos;
			};
			name = Debug;
		};
		9F86AB971BF1E138006182C3 /* Release */ = {
			isa = XCBuildConfiguration;
			buildSettings = {
				ALWAYS_SEARCH_USER_PATHS = NO;
				CLANG_CXX_LANGUAGE_STANDARD = "gnu++0x";
				CLANG_CXX_LIBRARY = "libc++";
				CLANG_ENABLE_MODULES = YES;
				CLANG_ENABLE_OBJC_ARC = YES;
				CLANG_WARN_BOOL_CONVERSION = YES;
				CLANG_WARN_CONSTANT_CONVERSION = YES;
				CLANG_WARN_DIRECT_OBJC_ISA_USAGE = YES_ERROR;
				CLANG_WARN_EMPTY_BODY = YES;
				CLANG_WARN_ENUM_CONVERSION = YES;
				CLANG_WARN_INT_CONVERSION = YES;
				CLANG_WARN_OBJC_ROOT_CLASS = YES_ERROR;
				CLANG_WARN_UNREACHABLE_CODE = YES;
				CLANG_WARN__DUPLICATE_METHOD_MATCH = YES;
				"CODE_SIGN_IDENTITY[sdk=iphoneos*]" = "iPhone Developer";
				COPY_PHASE_STRIP = NO;
				DEBUG_INFORMATION_FORMAT = "dwarf-with-dsym";
				ENABLE_NS_ASSERTIONS = NO;
				ENABLE_STRICT_OBJC_MSGSEND = YES;
				GCC_C_LANGUAGE_STANDARD = gnu99;
				GCC_NO_COMMON_BLOCKS = YES;
				GCC_WARN_64_TO_32_BIT_CONVERSION = YES;
				GCC_WARN_ABOUT_RETURN_TYPE = YES_ERROR;
				GCC_WARN_UNDECLARED_SELECTOR = YES;
				GCC_WARN_UNINITIALIZED_AUTOS = YES_AGGRESSIVE;
				GCC_WARN_UNUSED_FUNCTION = YES;
				GCC_WARN_UNUSED_VARIABLE = YES;
				IPHONEOS_DEPLOYMENT_TARGET = 9.0;
				MTL_ENABLE_DEBUG_INFO = NO;
				SDKROOT = iphoneos;
				VALIDATE_PRODUCT = YES;
			};
			name = Release;
		};
		9F86AB991BF1E138006182C3 /* Debug */ = {
			isa = XCBuildConfiguration;
			buildSettings = {
				ASSETCATALOG_COMPILER_APPICON_NAME = AppIcon;
				INFOPLIST_FILE = MyTableView/Info.plist;
				IPHONEOS_DEPLOYMENT_TARGET = 8.0;
				LD_RUNPATH_SEARCH_PATHS = "$(inherited) @executable_path/Frameworks";
				PRODUCT_BUNDLE_IDENTIFIER = com.zxz.MyTableView;
				PRODUCT_NAME = "$(TARGET_NAME)";
			};
			name = Debug;
		};
		9F86AB9A1BF1E138006182C3 /* Release */ = {
			isa = XCBuildConfiguration;
			buildSettings = {
				ASSETCATALOG_COMPILER_APPICON_NAME = AppIcon;
				INFOPLIST_FILE = MyTableView/Info.plist;
				IPHONEOS_DEPLOYMENT_TARGET = 8.0;
				LD_RUNPATH_SEARCH_PATHS = "$(inherited) @executable_path/Frameworks";
				PRODUCT_BUNDLE_IDENTIFIER = com.zxz.MyTableView;
				PRODUCT_NAME = "$(TARGET_NAME)";
			};
			name = Release;
		};
/* End XCBuildConfiguration section */

/* Begin XCConfigurationList section */
		9F86AB821BF1E138006182C3 /* Build configuration list for PBXProject "MyTableView" */ = {
			isa = XCConfigurationList;
			buildConfigurations = (
				9F86AB961BF1E138006182C3 /* Debug */,
				9F86AB971BF1E138006182C3 /* Release */,
			);
			defaultConfigurationIsVisible = 0;
			defaultConfigurationName = Release;
		};
		9F86AB981BF1E138006182C3 /* Build configuration list for PBXNativeTarget "MyTableView" */ = {
			isa = XCConfigurationList;
			buildConfigurations = (
				9F86AB991BF1E138006182C3 /* Debug */,
				9F86AB9A1BF1E138006182C3 /* Release */,
			);
			defaultConfigurationIsVisible = 0;
		};
/* End XCConfigurationList section */
	};
	rootObject = 9F86AB7F1BF1E138006182C3 /* Project object */;
}
