// !$*UTF8*$!
{
	archiveVersion = 1;
	classes = {
	};
	objectVersion = 46;
	objects = {

/* Begin PBXBuildFile section */
		9F614F991CC7853E00A7D689 /* main.m in Sources */ = {isa = PBXBuildFile; fileRef = 9F614F981CC7853E00A7D689 /* main.m */; };
		9F614FA31CC7863700A7D689 /* WeatherStation.m in Sources */ = {isa = PBXBuildFile; fileRef = 9F614FA21CC7863700A7D689 /* WeatherStation.m */; };
		9F614FA61CC78A3600A7D689 /* Person.m in Sources */ = {isa = PBXBuildFile; fileRef = 9F614FA51CC78A3600A7D689 /* Person.m */; };
/* End PBXBuildFile section */

/* Begin PBXCopyFilesBuildPhase section */
		9F614F931CC7853E00A7D689 /* CopyFiles */ = {
			isa = PBXCopyFilesBuildPhase;
			buildActionMask = 2147483647;
			dstPath = /usr/share/man/man1/;
			dstSubfolderSpec = 0;
			files = (
			);
			runOnlyForDeploymentPostprocessing = 1;
		};
/* End PBXCopyFilesBuildPhase section */

/* Begin PBXFileReference section */
		9F614F951CC7853E00A7D689 /* ObserverPattern */ = {isa = PBXFileReference; explicitFileType = "compiled.mach-o.executable"; includeInIndex = 0; path = ObserverPattern; sourceTree = BUILT_PRODUCTS_DIR; };
		9F614F981CC7853E00A7D689 /* main.m */ = {isa = PBXFileReference; lastKnownFileType = sourcecode.c.objc; path = main.m; sourceTree = "<group>"; };
		9F614F9F1CC7855900A7D689 /* Observer.h */ = {isa = PBXFileReference; lastKnownFileType = sourcecode.c.h; path = Observer.h; sourceTree = "<group>"; };
		9F614FA01CC785EA00A7D689 /* Observable.h */ = {isa = PBXFileReference; lastKnownFileType = sourcecode.c.h; path = Observable.h; sourceTree = "<group>"; };
		9F614FA11CC7863700A7D689 /* WeatherStation.h */ = {isa = PBXFileReference; fileEncoding = 4; lastKnownFileType = sourcecode.c.h; path = WeatherStation.h; sourceTree = "<group>"; };
		9F614FA21CC7863700A7D689 /* WeatherStation.m */ = {isa = PBXFileReference; fileEncoding = 4; lastKnownFileType = sourcecode.c.objc; path = WeatherStation.m; sourceTree = "<group>"; };
		9F614FA41CC78A3600A7D689 /* Person.h */ = {isa = PBXFileReference; fileEncoding = 4; lastKnownFileType = sourcecode.c.h; path = Person.h; sourceTree = "<group>"; };
		9F614FA51CC78A3600A7D689 /* Person.m */ = {isa = PBXFileReference; fileEncoding = 4; lastKnownFileType = sourcecode.c.objc; path = Person.m; sourceTree = "<group>"; };
/* End PBXFileReference section */

/* Begin PBXFrameworksBuildPhase section */
		9F614F921CC7853E00A7D689 /* Frameworks */ = {
			isa = PBXFrameworksBuildPhase;
			buildActionMask = 2147483647;
			files = (
			);
			runOnlyForDeploymentPostprocessing = 0;
		};
/* End PBXFrameworksBuildPhase section */

/* Begin PBXGroup section */
		9F614F8C1CC7853E00A7D689 = {
			isa = PBXGroup;
			children = (
				9F614F971CC7853E00A7D689 /* ObserverPattern */,
				9F614F961CC7853E00A7D689 /* Products */,
			);
			sourceTree = "<group>";
		};
		9F614F961CC7853E00A7D689 /* Products */ = {
			isa = PBXGroup;
			children = (
				9F614F951CC7853E00A7D689 /* ObserverPattern */,
			);
			name = Products;
			sourceTree = "<group>";
		};
		9F614F971CC7853E00A7D689 /* ObserverPattern */ = {
			isa = PBXGroup;
			children = (
				9F614F981CC7853E00A7D689 /* main.m */,
				9F614F9F1CC7855900A7D689 /* Observer.h */,
				9F614FA01CC785EA00A7D689 /* Observable.h */,
				9F614FA41CC78A3600A7D689 /* Person.h */,
				9F614FA51CC78A3600A7D689 /* Person.m */,
				9F614FA11CC7863700A7D689 /* WeatherStation.h */,
				9F614FA21CC7863700A7D689 /* WeatherStation.m */,
			);
			path = ObserverPattern;
			sourceTree = "<group>";
		};
/* End PBXGroup section */

/* Begin PBXNativeTarget section */
		9F614F941CC7853E00A7D689 /* ObserverPattern */ = {
			isa = PBXNativeTarget;
			buildConfigurationList = 9F614F9C1CC7853E00A7D689 /* Build configuration list for PBXNativeTarget "ObserverPattern" */;
			buildPhases = (
				9F614F911CC7853E00A7D689 /* Sources */,
				9F614F921CC7853E00A7D689 /* Frameworks */,
				9F614F931CC7853E00A7D689 /* CopyFiles */,
			);
			buildRules = (
			);
			dependencies = (
			);
			name = ObserverPattern;
			productName = ObserverPattern;
			productReference = 9F614F951CC7853E00A7D689 /* ObserverPattern */;
			productType = "com.apple.product-type.tool";
		};
/* End PBXNativeTarget section */

/* Begin PBXProject section */
		9F614F8D1CC7853E00A7D689 /* Project object */ = {
			isa = PBXProject;
			attributes = {
				LastUpgradeCheck = 0730;
				ORGANIZATIONNAME = zxz;
				TargetAttributes = {
					9F614F941CC7853E00A7D689 = {
						CreatedOnToolsVersion = 7.3;
					};
				};
			};
			buildConfigurationList = 9F614F901CC7853E00A7D689 /* Build configuration list for PBXProject "ObserverPattern" */;
			compatibilityVersion = "Xcode 3.2";
			developmentRegion = English;
			hasScannedForEncodings = 0;
			knownRegions = (
				en,
			);
			mainGroup = 9F614F8C1CC7853E00A7D689;
			productRefGroup = 9F614F961CC7853E00A7D689 /* Products */;
			projectDirPath = "";
			projectRoot = "";
			targets = (
				9F614F941CC7853E00A7D689 /* ObserverPattern */,
			);
		};
/* End PBXProject section */

/* Begin PBXSourcesBuildPhase section */
		9F614F911CC7853E00A7D689 /* Sources */ = {
			isa = PBXSourcesBuildPhase;
			buildActionMask = 2147483647;
			files = (
				9F614FA61CC78A3600A7D689 /* Person.m in Sources */,
				9F614F991CC7853E00A7D689 /* main.m in Sources */,
				9F614FA31CC7863700A7D689 /* WeatherStation.m in Sources */,
			);
			runOnlyForDeploymentPostprocessing = 0;
		};
/* End PBXSourcesBuildPhase section */

/* Begin XCBuildConfiguration section */
		9F614F9A1CC7853E00A7D689 /* Debug */ = {
			isa = XCBuildConfiguration;
			buildSettings = {
				ALWAYS_SEARCH_USER_PATHS = NO;
				CLANG_ANALYZER_NONNULL = YES;
				CLANG_CXX_LANGUAGE_STANDARD = "gnu++0x";
				CLANG_CXX_LIBRARY = "libc++";
				CLANG_ENABLE_MODULES = YES;
				CLANG_ENABLE_OBJC_ARC = YES;
				CLANG_WARN_BOOL_CONVERSION = YES;
				CLANG_WARN_CONSTANT_CONVERSION = YES;
				CLANG_WARN_DIRECT_OBJC_ISA_USAGE = YES_ERROR;
				CLANG_WARN_EMPTY_BODY = YES;
				CLANG_WARN_ENUM_CONVERSION = YES;
				CLANG_WARN_INT_CONVERSION = YES;
				CLANG_WARN_OBJC_ROOT_CLASS = YES_ERROR;
				CLANG_WARN_UNREACHABLE_CODE = YES;
				CLANG_WARN__DUPLICATE_METHOD_MATCH = YES;
				CODE_SIGN_IDENTITY = "-";
				COPY_PHASE_STRIP = NO;
				DEBUG_INFORMATION_FORMAT = dwarf;
				ENABLE_STRICT_OBJC_MSGSEND = YES;
				ENABLE_TESTABILITY = YES;
				GCC_C_LANGUAGE_STANDARD = gnu99;
				GCC_DYNAMIC_NO_PIC = NO;
				GCC_NO_COMMON_BLOCKS = YES;
				GCC_OPTIMIZATION_LEVEL = 0;
				GCC_PREPROCESSOR_DEFINITIONS = (
					"DEBUG=1",
					"$(inherited)",
				);
				GCC_WARN_64_TO_32_BIT_CONVERSION = YES;
				GCC_WARN_ABOUT_RETURN_TYPE = YES_ERROR;
				GCC_WARN_UNDECLARED_SELECTOR = YES;
				GCC_WARN_UNINITIALIZED_AUTOS = YES_AGGRESSIVE;
				GCC_WARN_UNUSED_FUNCTION = YES;
				GCC_WARN_UNUSED_VARIABLE = YES;
				MACOSX_DEPLOYMENT_TARGET = 10.11;
				MTL_ENABLE_DEBUG_INFO = YES;
				ONLY_ACTIVE_ARCH = YES;
				SDKROOT = macosx;
			};
			name = Debug;
		};
		9F614F9B1CC7853E00A7D689 /* Release */ = {
			isa = XCBuildConfiguration;
			buildSettings = {
				ALWAYS_SEARCH_USER_PATHS = NO;
				CLANG_ANALYZER_NONNULL = YES;
				CLANG_CXX_LANGUAGE_STANDARD = "gnu++0x";
				CLANG_CXX_LIBRARY = "libc++";
				CLANG_ENABLE_MODULES = YES;
				CLANG_ENABLE_OBJC_ARC = YES;
				CLANG_WARN_BOOL_CONVERSION = YES;
				CLANG_WARN_CONSTANT_CONVERSION = YES;
				CLANG_WARN_DIRECT_OBJC_ISA_USAGE = YES_ERROR;
				CLANG_WARN_EMPTY_BODY = YES;
				CLANG_WARN_ENUM_CONVERSION = YES;
				CLANG_WARN_INT_CONVERSION = YES;
				CLANG_WARN_OBJC_ROOT_CLASS = YES_ERROR;
				CLANG_WARN_UNREACHABLE_CODE = YES;
				CLANG_WARN__DUPLICATE_METHOD_MATCH = YES;
				CODE_SIGN_IDENTITY = "-";
				COPY_PHASE_STRIP = NO;
				DEBUG_INFORMATION_FORMAT = "dwarf-with-dsym";
				ENABLE_NS_ASSERTIONS = NO;
				ENABLE_STRICT_OBJC_MSGSEND = YES;
				GCC_C_LANGUAGE_STANDARD = gnu99;
				GCC_NO_COMMON_BLOCKS = YES;
				GCC_WARN_64_TO_32_BIT_CONVERSION = YES;
				GCC_WARN_ABOUT_RETURN_TYPE = YES_ERROR;
				GCC_WARN_UNDECLARED_SELECTOR = YES;
				GCC_WARN_UNINITIALIZED_AUTOS = YES_AGGRESSIVE;
				GCC_WARN_UNUSED_FUNCTION = YES;
				GCC_WARN_UNUSED_VARIABLE = YES;
				MACOSX_DEPLOYMENT_TARGET = 10.11;
				MTL_ENABLE_DEBUG_INFO = NO;
				SDKROOT = macosx;
			};
			name = Release;
		};
		9F614F9D1CC7853E00A7D689 /* Debug */ = {
			isa = XCBuildConfiguration;
			buildSettings = {
				PRODUCT_NAME = "$(TARGET_NAME)";
			};
			name = Debug;
		};
		9F614F9E1CC7853E00A7D689 /* Release */ = {
			isa = XCBuildConfiguration;
			buildSettings = {
				PRODUCT_NAME = "$(TARGET_NAME)";
			};
			name = Release;
		};
/* End XCBuildConfiguration section */

/* Begin XCConfigurationList section */
		9F614F901CC7853E00A7D689 /* Build configuration list for PBXProject "ObserverPattern" */ = {
			isa = XCConfigurationList;
			buildConfigurations = (
				9F614F9A1CC7853E00A7D689 /* Debug */,
				9F614F9B1CC7853E00A7D689 /* Release */,
			);
			defaultConfigurationIsVisible = 0;
			defaultConfigurationName = Release;
		};
		9F614F9C1CC7853E00A7D689 /* Build configuration list for PBXNativeTarget "ObserverPattern" */ = {
			isa = XCConfigurationList;
			buildConfigurations = (
				9F614F9D1CC7853E00A7D689 /* Debug */,
				9F614F9E1CC7853E00A7D689 /* Release */,
			);
			defaultConfigurationIsVisible = 0;
		};
/* End XCConfigurationList section */
	};
	rootObject = 9F614F8D1CC7853E00A7D689 /* Project object */;
}
