// !$*UTF8*$!
{
	archiveVersion = 1;
	classes = {
	};
	objectVersion = 46;
	objects = {

/* Begin PBXBuildFile section */
		9FBA36B01C3D053F00FA01FB /* main.m in Sources */ = {isa = PBXBuildFile; fileRef = 9FBA36AF1C3D053F00FA01FB /* main.m */; };
		9FBA36B31C3D053F00FA01FB /* AppDelegate.m in Sources */ = {isa = PBXBuildFile; fileRef = 9FBA36B21C3D053F00FA01FB /* AppDelegate.m */; };
		9FBA36B61C3D053F00FA01FB /* ViewController.m in Sources */ = {isa = PBXBuildFile; fileRef = 9FBA36B51C3D053F00FA01FB /* ViewController.m */; };
		9FBA36B91C3D053F00FA01FB /* Main.storyboard in Resources */ = {isa = PBXBuildFile; fileRef = 9FBA36B71C3D053F00FA01FB /* Main.storyboard */; };
		9FBA36BC1C3D053F00FA01FB /* JsonCoreData.xcdatamodeld in Sources */ = {isa = PBXBuildFile; fileRef = 9FBA36BA1C3D053F00FA01FB /* JsonCoreData.xcdatamodeld */; };
		9FBA36BE1C3D053F00FA01FB /* Assets.xcassets in Resources */ = {isa = PBXBuildFile; fileRef = 9FBA36BD1C3D053F00FA01FB /* Assets.xcassets */; };
		9FBA36C11C3D053F00FA01FB /* LaunchScreen.storyboard in Resources */ = {isa = PBXBuildFile; fileRef = 9FBA36BF1C3D053F00FA01FB /* LaunchScreen.storyboard */; };
		9FBA36CC1C3D073A00FA01FB /* PaperInfo+CoreDataProperties.m in Sources */ = {isa = PBXBuildFile; fileRef = 9FBA36C91C3D073A00FA01FB /* PaperInfo+CoreDataProperties.m */; };
		9FBA36CD1C3D073A00FA01FB /* PaperInfo.m in Sources */ = {isa = PBXBuildFile; fileRef = 9FBA36CB1C3D073A00FA01FB /* PaperInfo.m */; };
		9FBA36D01C3D08A500FA01FB /* PaperInfoManager.m in Sources */ = {isa = PBXBuildFile; fileRef = 9FBA36CF1C3D08A500FA01FB /* PaperInfoManager.m */; };
/* End PBXBuildFile section */

/* Begin PBXFileReference section */
		9FBA36AB1C3D053F00FA01FB /* JsonCoreData.app */ = {isa = PBXFileReference; explicitFileType = wrapper.application; includeInIndex = 0; path = JsonCoreData.app; sourceTree = BUILT_PRODUCTS_DIR; };
		9FBA36AF1C3D053F00FA01FB /* main.m */ = {isa = PBXFileReference; lastKnownFileType = sourcecode.c.objc; path = main.m; sourceTree = "<group>"; };
		9FBA36B11C3D053F00FA01FB /* AppDelegate.h */ = {isa = PBXFileReference; lastKnownFileType = sourcecode.c.h; path = AppDelegate.h; sourceTree = "<group>"; };
		9FBA36B21C3D053F00FA01FB /* AppDelegate.m */ = {isa = PBXFileReference; lastKnownFileType = sourcecode.c.objc; path = AppDelegate.m; sourceTree = "<group>"; };
		9FBA36B41C3D053F00FA01FB /* ViewController.h */ = {isa = PBXFileReference; lastKnownFileType = sourcecode.c.h; path = ViewController.h; sourceTree = "<group>"; };
		9FBA36B51C3D053F00FA01FB /* ViewController.m */ = {isa = PBXFileReference; lastKnownFileType = sourcecode.c.objc; path = ViewController.m; sourceTree = "<group>"; };
		9FBA36B81C3D053F00FA01FB /* Base */ = {isa = PBXFileReference; lastKnownFileType = file.storyboard; name = Base; path = Base.lproj/Main.storyboard; sourceTree = "<group>"; };
		9FBA36BB1C3D053F00FA01FB /* JsonCoreData.xcdatamodel */ = {isa = PBXFileReference; lastKnownFileType = wrapper.xcdatamodel; path = JsonCoreData.xcdatamodel; sourceTree = "<group>"; };
		9FBA36BD1C3D053F00FA01FB /* Assets.xcassets */ = {isa = PBXFileReference; lastKnownFileType = folder.assetcatalog; path = Assets.xcassets; sourceTree = "<group>"; };
		9FBA36C01C3D053F00FA01FB /* Base */ = {isa = PBXFileReference; lastKnownFileType = file.storyboard; name = Base; path = Base.lproj/LaunchScreen.storyboard; sourceTree = "<group>"; };
		9FBA36C21C3D053F00FA01FB /* Info.plist */ = {isa = PBXFileReference; lastKnownFileType = text.plist.xml; path = Info.plist; sourceTree = "<group>"; };
		9FBA36C81C3D073A00FA01FB /* PaperInfo+CoreDataProperties.h */ = {isa = PBXFileReference; fileEncoding = 4; lastKnownFileType = sourcecode.c.h; path = "PaperInfo+CoreDataProperties.h"; sourceTree = "<group>"; };
		9FBA36C91C3D073A00FA01FB /* PaperInfo+CoreDataProperties.m */ = {isa = PBXFileReference; fileEncoding = 4; lastKnownFileType = sourcecode.c.objc; path = "PaperInfo+CoreDataProperties.m"; sourceTree = "<group>"; };
		9FBA36CA1C3D073A00FA01FB /* PaperInfo.h */ = {isa = PBXFileReference; fileEncoding = 4; lastKnownFileType = sourcecode.c.h; path = PaperInfo.h; sourceTree = "<group>"; };
		9FBA36CB1C3D073A00FA01FB /* PaperInfo.m */ = {isa = PBXFileReference; fileEncoding = 4; lastKnownFileType = sourcecode.c.objc; path = PaperInfo.m; sourceTree = "<group>"; };
		9FBA36CE1C3D08A500FA01FB /* PaperInfoManager.h */ = {isa = PBXFileReference; fileEncoding = 4; lastKnownFileType = sourcecode.c.h; path = PaperInfoManager.h; sourceTree = "<group>"; };
		9FBA36CF1C3D08A500FA01FB /* PaperInfoManager.m */ = {isa = PBXFileReference; fileEncoding = 4; lastKnownFileType = sourcecode.c.objc; path = PaperInfoManager.m; sourceTree = "<group>"; };
/* End PBXFileReference section */

/* Begin PBXFrameworksBuildPhase section */
		9FBA36A81C3D053F00FA01FB /* Frameworks */ = {
			isa = PBXFrameworksBuildPhase;
			buildActionMask = 2147483647;
			files = (
			);
			runOnlyForDeploymentPostprocessing = 0;
		};
/* End PBXFrameworksBuildPhase section */

/* Begin PBXGroup section */
		9FBA36A21C3D053F00FA01FB = {
			isa = PBXGroup;
			children = (
				9FBA36AD1C3D053F00FA01FB /* JsonCoreData */,
				9FBA36AC1C3D053F00FA01FB /* Products */,
			);
			sourceTree = "<group>";
		};
		9FBA36AC1C3D053F00FA01FB /* Products */ = {
			isa = PBXGroup;
			children = (
				9FBA36AB1C3D053F00FA01FB /* JsonCoreData.app */,
			);
			name = Products;
			sourceTree = "<group>";
		};
		9FBA36AD1C3D053F00FA01FB /* JsonCoreData */ = {
			isa = PBXGroup;
			children = (
				9FBA36B11C3D053F00FA01FB /* AppDelegate.h */,
				9FBA36B21C3D053F00FA01FB /* AppDelegate.m */,
				9FBA36B41C3D053F00FA01FB /* ViewController.h */,
				9FBA36B51C3D053F00FA01FB /* ViewController.m */,
				9FBA36CE1C3D08A500FA01FB /* PaperInfoManager.h */,
				9FBA36CF1C3D08A500FA01FB /* PaperInfoManager.m */,
				9FBA36B71C3D053F00FA01FB /* Main.storyboard */,
				9FBA36BD1C3D053F00FA01FB /* Assets.xcassets */,
				9FBA36BF1C3D053F00FA01FB /* LaunchScreen.storyboard */,
				9FBA36C21C3D053F00FA01FB /* Info.plist */,
				9FBA36BA1C3D053F00FA01FB /* JsonCoreData.xcdatamodeld */,
				9FBA36C81C3D073A00FA01FB /* PaperInfo+CoreDataProperties.h */,
				9FBA36C91C3D073A00FA01FB /* PaperInfo+CoreDataProperties.m */,
				9FBA36CA1C3D073A00FA01FB /* PaperInfo.h */,
				9FBA36CB1C3D073A00FA01FB /* PaperInfo.m */,
				9FBA36AE1C3D053F00FA01FB /* Supporting Files */,
			);
			path = JsonCoreData;
			sourceTree = "<group>";
		};
		9FBA36AE1C3D053F00FA01FB /* Supporting Files */ = {
			isa = PBXGroup;
			children = (
				9FBA36AF1C3D053F00FA01FB /* main.m */,
			);
			name = "Supporting Files";
			sourceTree = "<group>";
		};
/* End PBXGroup section */

/* Begin PBXNativeTarget section */
		9FBA36AA1C3D053F00FA01FB /* JsonCoreData */ = {
			isa = PBXNativeTarget;
			buildConfigurationList = 9FBA36C51C3D053F00FA01FB /* Build configuration list for PBXNativeTarget "JsonCoreData" */;
			buildPhases = (
				9FBA36A71C3D053F00FA01FB /* Sources */,
				9FBA36A81C3D053F00FA01FB /* Frameworks */,
				9FBA36A91C3D053F00FA01FB /* Resources */,
			);
			buildRules = (
			);
			dependencies = (
			);
			name = JsonCoreData;
			productName = JsonCoreData;
			productReference = 9FBA36AB1C3D053F00FA01FB /* JsonCoreData.app */;
			productType = "com.apple.product-type.application";
		};
/* End PBXNativeTarget section */

/* Begin PBXProject section */
		9FBA36A31C3D053F00FA01FB /* Project object */ = {
			isa = PBXProject;
			attributes = {
				LastUpgradeCheck = 0710;
				ORGANIZATIONNAME = zxz;
				TargetAttributes = {
					9FBA36AA1C3D053F00FA01FB = {
						CreatedOnToolsVersion = 7.1.1;
						DevelopmentTeam = J49RT79283;
					};
				};
			};
			buildConfigurationList = 9FBA36A61C3D053F00FA01FB /* Build configuration list for PBXProject "JsonCoreData" */;
			compatibilityVersion = "Xcode 3.2";
			developmentRegion = English;
			hasScannedForEncodings = 0;
			knownRegions = (
				en,
				Base,
			);
			mainGroup = 9FBA36A21C3D053F00FA01FB;
			productRefGroup = 9FBA36AC1C3D053F00FA01FB /* Products */;
			projectDirPath = "";
			projectRoot = "";
			targets = (
				9FBA36AA1C3D053F00FA01FB /* JsonCoreData */,
			);
		};
/* End PBXProject section */

/* Begin PBXResourcesBuildPhase section */
		9FBA36A91C3D053F00FA01FB /* Resources */ = {
			isa = PBXResourcesBuildPhase;
			buildActionMask = 2147483647;
			files = (
				9FBA36C11C3D053F00FA01FB /* LaunchScreen.storyboard in Resources */,
				9FBA36BE1C3D053F00FA01FB /* Assets.xcassets in Resources */,
				9FBA36B91C3D053F00FA01FB /* Main.storyboard in Resources */,
			);
			runOnlyForDeploymentPostprocessing = 0;
		};
/* End PBXResourcesBuildPhase section */

/* Begin PBXSourcesBuildPhase section */
		9FBA36A71C3D053F00FA01FB /* Sources */ = {
			isa = PBXSourcesBuildPhase;
			buildActionMask = 2147483647;
			files = (
				9FBA36B61C3D053F00FA01FB /* ViewController.m in Sources */,
				9FBA36B31C3D053F00FA01FB /* AppDelegate.m in Sources */,
				9FBA36CD1C3D073A00FA01FB /* PaperInfo.m in Sources */,
				9FBA36BC1C3D053F00FA01FB /* JsonCoreData.xcdatamodeld in Sources */,
				9FBA36B01C3D053F00FA01FB /* main.m in Sources */,
				9FBA36CC1C3D073A00FA01FB /* PaperInfo+CoreDataProperties.m in Sources */,
				9FBA36D01C3D08A500FA01FB /* PaperInfoManager.m in Sources */,
			);
			runOnlyForDeploymentPostprocessing = 0;
		};
/* End PBXSourcesBuildPhase section */

/* Begin PBXVariantGroup section */
		9FBA36B71C3D053F00FA01FB /* Main.storyboard */ = {
			isa = PBXVariantGroup;
			children = (
				9FBA36B81C3D053F00FA01FB /* Base */,
			);
			name = Main.storyboard;
			sourceTree = "<group>";
		};
		9FBA36BF1C3D053F00FA01FB /* LaunchScreen.storyboard */ = {
			isa = PBXVariantGroup;
			children = (
				9FBA36C01C3D053F00FA01FB /* Base */,
			);
			name = LaunchScreen.storyboard;
			sourceTree = "<group>";
		};
/* End PBXVariantGroup section */

/* Begin XCBuildConfiguration section */
		9FBA36C31C3D053F00FA01FB /* Debug */ = {
			isa = XCBuildConfiguration;
			buildSettings = {
				ALWAYS_SEARCH_USER_PATHS = NO;
				CLANG_CXX_LANGUAGE_STANDARD = "gnu++0x";
				CLANG_CXX_LIBRARY = "libc++";
				CLANG_ENABLE_MODULES = YES;
				CLANG_ENABLE_OBJC_ARC = YES;
				CLANG_WARN_BOOL_CONVERSION = YES;
				CLANG_WARN_CONSTANT_CONVERSION = YES;
				CLANG_WARN_DIRECT_OBJC_ISA_USAGE = YES_ERROR;
				CLANG_WARN_EMPTY_BODY = YES;
				CLANG_WARN_ENUM_CONVERSION = YES;
				CLANG_WARN_INT_CONVERSION = YES;
				CLANG_WARN_OBJC_ROOT_CLASS = YES_ERROR;
				CLANG_WARN_UNREACHABLE_CODE = YES;
				CLANG_WARN__DUPLICATE_METHOD_MATCH = YES;
				"CODE_SIGN_IDENTITY[sdk=iphoneos*]" = "iPhone Developer";
				COPY_PHASE_STRIP = NO;
				DEBUG_INFORMATION_FORMAT = dwarf;
				ENABLE_STRICT_OBJC_MSGSEND = YES;
				ENABLE_TESTABILITY = YES;
				GCC_C_LANGUAGE_STANDARD = gnu99;
				GCC_DYNAMIC_NO_PIC = NO;
				GCC_NO_COMMON_BLOCKS = YES;
				GCC_OPTIMIZATION_LEVEL = 0;
				GCC_PREPROCESSOR_DEFINITIONS = (
					"DEBUG=1",
					"$(inherited)",
				);
				GCC_WARN_64_TO_32_BIT_CONVERSION = YES;
				GCC_WARN_ABOUT_RETURN_TYPE = YES_ERROR;
				GCC_WARN_UNDECLARED_SELECTOR = YES;
				GCC_WARN_UNINITIALIZED_AUTOS = YES_AGGRESSIVE;
				GCC_WARN_UNUSED_FUNCTION = YES;
				GCC_WARN_UNUSED_VARIABLE = YES;
				IPHONEOS_DEPLOYMENT_TARGET = 9.1;
				MTL_ENABLE_DEBUG_INFO = YES;
				ONLY_ACTIVE_ARCH = YES;
				SDKROOT = iphoneos;
			};
			name = Debug;
		};
		9FBA36C41C3D053F00FA01FB /* Release */ = {
			isa = XCBuildConfiguration;
			buildSettings = {
				ALWAYS_SEARCH_USER_PATHS = NO;
				CLANG_CXX_LANGUAGE_STANDARD = "gnu++0x";
				CLANG_CXX_LIBRARY = "libc++";
				CLANG_ENABLE_MODULES = YES;
				CLANG_ENABLE_OBJC_ARC = YES;
				CLANG_WARN_BOOL_CONVERSION = YES;
				CLANG_WARN_CONSTANT_CONVERSION = YES;
				CLANG_WARN_DIRECT_OBJC_ISA_USAGE = YES_ERROR;
				CLANG_WARN_EMPTY_BODY = YES;
				CLANG_WARN_ENUM_CONVERSION = YES;
				CLANG_WARN_INT_CONVERSION = YES;
				CLANG_WARN_OBJC_ROOT_CLASS = YES_ERROR;
				CLANG_WARN_UNREACHABLE_CODE = YES;
				CLANG_WARN__DUPLICATE_METHOD_MATCH = YES;
				"CODE_SIGN_IDENTITY[sdk=iphoneos*]" = "iPhone Developer";
				COPY_PHASE_STRIP = NO;
				DEBUG_INFORMATION_FORMAT = "dwarf-with-dsym";
				ENABLE_NS_ASSERTIONS = NO;
				ENABLE_STRICT_OBJC_MSGSEND = YES;
				GCC_C_LANGUAGE_STANDARD = gnu99;
				GCC_NO_COMMON_BLOCKS = YES;
				GCC_WARN_64_TO_32_BIT_CONVERSION = YES;
				GCC_WARN_ABOUT_RETURN_TYPE = YES_ERROR;
				GCC_WARN_UNDECLARED_SELECTOR = YES;
				GCC_WARN_UNINITIALIZED_AUTOS = YES_AGGRESSIVE;
				GCC_WARN_UNUSED_FUNCTION = YES;
				GCC_WARN_UNUSED_VARIABLE = YES;
				IPHONEOS_DEPLOYMENT_TARGET = 9.1;
				MTL_ENABLE_DEBUG_INFO = NO;
				SDKROOT = iphoneos;
				VALIDATE_PRODUCT = YES;
			};
			name = Release;
		};
		9FBA36C61C3D053F00FA01FB /* Debug */ = {
			isa = XCBuildConfiguration;
			buildSettings = {
				ASSETCATALOG_COMPILER_APPICON_NAME = AppIcon;
				INFOPLIST_FILE = JsonCoreData/Info.plist;
				LD_RUNPATH_SEARCH_PATHS = "$(inherited) @executable_path/Frameworks";
				PRODUCT_BUNDLE_IDENTIFIER = com.zxz.JsonCoreData;
				PRODUCT_NAME = "$(TARGET_NAME)";
			};
			name = Debug;
		};
		9FBA36C71C3D053F00FA01FB /* Release */ = {
			isa = XCBuildConfiguration;
			buildSettings = {
				ASSETCATALOG_COMPILER_APPICON_NAME = AppIcon;
				INFOPLIST_FILE = JsonCoreData/Info.plist;
				LD_RUNPATH_SEARCH_PATHS = "$(inherited) @executable_path/Frameworks";
				PRODUCT_BUNDLE_IDENTIFIER = com.zxz.JsonCoreData;
				PRODUCT_NAME = "$(TARGET_NAME)";
			};
			name = Release;
		};
/* End XCBuildConfiguration section */

/* Begin XCConfigurationList section */
		9FBA36A61C3D053F00FA01FB /* Build configuration list for PBXProject "JsonCoreData" */ = {
			isa = XCConfigurationList;
			buildConfigurations = (
				9FBA36C31C3D053F00FA01FB /* Debug */,
				9FBA36C41C3D053F00FA01FB /* Release */,
			);
			defaultConfigurationIsVisible = 0;
			defaultConfigurationName = Release;
		};
		9FBA36C51C3D053F00FA01FB /* Build configuration list for PBXNativeTarget "JsonCoreData" */ = {
			isa = XCConfigurationList;
			buildConfigurations = (
				9FBA36C61C3D053F00FA01FB /* Debug */,
				9FBA36C71C3D053F00FA01FB /* Release */,
			);
			defaultConfigurationIsVisible = 0;
		};
/* End XCConfigurationList section */

/* Begin XCVersionGroup section */
		9FBA36BA1C3D053F00FA01FB /* JsonCoreData.xcdatamodeld */ = {
			isa = XCVersionGroup;
			children = (
				9FBA36BB1C3D053F00FA01FB /* JsonCoreData.xcdatamodel */,
			);
			currentVersion = 9FBA36BB1C3D053F00FA01FB /* JsonCoreData.xcdatamodel */;
			path = JsonCoreData.xcdatamodeld;
			sourceTree = "<group>";
			versionGroupType = wrapper.xcdatamodel;
		};
/* End XCVersionGroup section */
	};
	rootObject = 9FBA36A31C3D053F00FA01FB /* Project object */;
}
