// !$*UTF8*$!
{
	archiveVersion = 1;
	classes = {
	};
	objectVersion = 46;
	objects = {

/* Begin PBXBuildFile section */
		9FB88B0D1C8552610037EC9F /* main.m in Sources */ = {isa = PBXBuildFile; fileRef = 9FB88B0C1C8552610037EC9F /* main.m */; };
		9FB88B101C8552610037EC9F /* AppDelegate.m in Sources */ = {isa = PBXBuildFile; fileRef = 9FB88B0F1C8552610037EC9F /* AppDelegate.m */; };
		9FB88B131C8552610037EC9F /* ViewController.m in Sources */ = {isa = PBXBuildFile; fileRef = 9FB88B121C8552610037EC9F /* ViewController.m */; };
		9FB88B161C8552610037EC9F /* Main.storyboard in Resources */ = {isa = PBXBuildFile; fileRef = 9FB88B141C8552610037EC9F /* Main.storyboard */; };
		9FB88B181C8552610037EC9F /* Assets.xcassets in Resources */ = {isa = PBXBuildFile; fileRef = 9FB88B171C8552610037EC9F /* Assets.xcassets */; };
		9FB88B1B1C8552610037EC9F /* LaunchScreen.storyboard in Resources */ = {isa = PBXBuildFile; fileRef = 9FB88B191C8552610037EC9F /* LaunchScreen.storyboard */; };
		9FB88B311C855AF10037EC9F /* filelist.xml in Resources */ = {isa = PBXBuildFile; fileRef = 9FB88B2C1C855AF10037EC9F /* filelist.xml */; };
		9FB88B321C855AF10037EC9F /* image001.jpg in Resources */ = {isa = PBXBuildFile; fileRef = 9FB88B2D1C855AF10037EC9F /* image001.jpg */; };
		9FB88B331C855AF10037EC9F /* image002.png in Resources */ = {isa = PBXBuildFile; fileRef = 9FB88B2E1C855AF10037EC9F /* image002.png */; };
		9FB88B341C855AF10037EC9F /* themedata.thmx in Resources */ = {isa = PBXBuildFile; fileRef = 9FB88B2F1C855AF10037EC9F /* themedata.thmx */; };
		9FB88B351C855AF10037EC9F /* TestPaper.html in Resources */ = {isa = PBXBuildFile; fileRef = 9FB88B301C855AF10037EC9F /* TestPaper.html */; };
/* End PBXBuildFile section */

/* Begin PBXFileReference section */
		9FB88B081C8552610037EC9F /* StringEncodeing.app */ = {isa = PBXFileReference; explicitFileType = wrapper.application; includeInIndex = 0; path = StringEncodeing.app; sourceTree = BUILT_PRODUCTS_DIR; };
		9FB88B0C1C8552610037EC9F /* main.m */ = {isa = PBXFileReference; lastKnownFileType = sourcecode.c.objc; path = main.m; sourceTree = "<group>"; };
		9FB88B0E1C8552610037EC9F /* AppDelegate.h */ = {isa = PBXFileReference; lastKnownFileType = sourcecode.c.h; path = AppDelegate.h; sourceTree = "<group>"; };
		9FB88B0F1C8552610037EC9F /* AppDelegate.m */ = {isa = PBXFileReference; lastKnownFileType = sourcecode.c.objc; path = AppDelegate.m; sourceTree = "<group>"; };
		9FB88B111C8552610037EC9F /* ViewController.h */ = {isa = PBXFileReference; lastKnownFileType = sourcecode.c.h; path = ViewController.h; sourceTree = "<group>"; };
		9FB88B121C8552610037EC9F /* ViewController.m */ = {isa = PBXFileReference; lastKnownFileType = sourcecode.c.objc; path = ViewController.m; sourceTree = "<group>"; };
		9FB88B151C8552610037EC9F /* Base */ = {isa = PBXFileReference; lastKnownFileType = file.storyboard; name = Base; path = Base.lproj/Main.storyboard; sourceTree = "<group>"; };
		9FB88B171C8552610037EC9F /* Assets.xcassets */ = {isa = PBXFileReference; lastKnownFileType = folder.assetcatalog; path = Assets.xcassets; sourceTree = "<group>"; };
		9FB88B1A1C8552610037EC9F /* Base */ = {isa = PBXFileReference; lastKnownFileType = file.storyboard; name = Base; path = Base.lproj/LaunchScreen.storyboard; sourceTree = "<group>"; };
		9FB88B1C1C8552610037EC9F /* Info.plist */ = {isa = PBXFileReference; lastKnownFileType = text.plist.xml; path = Info.plist; sourceTree = "<group>"; };
		9FB88B2C1C855AF10037EC9F /* filelist.xml */ = {isa = PBXFileReference; fileEncoding = 4; lastKnownFileType = text.xml; path = filelist.xml; sourceTree = "<group>"; };
		9FB88B2D1C855AF10037EC9F /* image001.jpg */ = {isa = PBXFileReference; lastKnownFileType = image.jpeg; path = image001.jpg; sourceTree = "<group>"; };
		9FB88B2E1C855AF10037EC9F /* image002.png */ = {isa = PBXFileReference; lastKnownFileType = image.png; path = image002.png; sourceTree = "<group>"; };
		9FB88B2F1C855AF10037EC9F /* themedata.thmx */ = {isa = PBXFileReference; lastKnownFileType = file; path = themedata.thmx; sourceTree = "<group>"; };
		9FB88B301C855AF10037EC9F /* TestPaper.html */ = {isa = PBXFileReference; fileEncoding = 4; lastKnownFileType = text.html; path = TestPaper.html; sourceTree = "<group>"; };
/* End PBXFileReference section */

/* Begin PBXFrameworksBuildPhase section */
		9FB88B051C8552610037EC9F /* Frameworks */ = {
			isa = PBXFrameworksBuildPhase;
			buildActionMask = 2147483647;
			files = (
			);
			runOnlyForDeploymentPostprocessing = 0;
		};
/* End PBXFrameworksBuildPhase section */

/* Begin PBXGroup section */
		9FB88AFF1C8552610037EC9F = {
			isa = PBXGroup;
			children = (
				9FB88B0A1C8552610037EC9F /* StringEncodeing */,
				9FB88B091C8552610037EC9F /* Products */,
			);
			sourceTree = "<group>";
		};
		9FB88B091C8552610037EC9F /* Products */ = {
			isa = PBXGroup;
			children = (
				9FB88B081C8552610037EC9F /* StringEncodeing.app */,
			);
			name = Products;
			sourceTree = "<group>";
		};
		9FB88B0A1C8552610037EC9F /* StringEncodeing */ = {
			isa = PBXGroup;
			children = (
				9FB88B0E1C8552610037EC9F /* AppDelegate.h */,
				9FB88B0F1C8552610037EC9F /* AppDelegate.m */,
				9FB88B111C8552610037EC9F /* ViewController.h */,
				9FB88B121C8552610037EC9F /* ViewController.m */,
				9FB88B2A1C855AF10037EC9F /* testPaper */,
				9FB88B141C8552610037EC9F /* Main.storyboard */,
				9FB88B171C8552610037EC9F /* Assets.xcassets */,
				9FB88B191C8552610037EC9F /* LaunchScreen.storyboard */,
				9FB88B1C1C8552610037EC9F /* Info.plist */,
				9FB88B0B1C8552610037EC9F /* Supporting Files */,
			);
			path = StringEncodeing;
			sourceTree = "<group>";
		};
		9FB88B0B1C8552610037EC9F /* Supporting Files */ = {
			isa = PBXGroup;
			children = (
				9FB88B0C1C8552610037EC9F /* main.m */,
			);
			name = "Supporting Files";
			sourceTree = "<group>";
		};
		9FB88B2A1C855AF10037EC9F /* testPaper */ = {
			isa = PBXGroup;
			children = (
				9FB88B2B1C855AF10037EC9F /* TestPaper.fld */,
				9FB88B301C855AF10037EC9F /* TestPaper.html */,
			);
			path = testPaper;
			sourceTree = "<group>";
		};
		9FB88B2B1C855AF10037EC9F /* TestPaper.fld */ = {
			isa = PBXGroup;
			children = (
				9FB88B2C1C855AF10037EC9F /* filelist.xml */,
				9FB88B2D1C855AF10037EC9F /* image001.jpg */,
				9FB88B2E1C855AF10037EC9F /* image002.png */,
				9FB88B2F1C855AF10037EC9F /* themedata.thmx */,
			);
			path = TestPaper.fld;
			sourceTree = "<group>";
		};
/* End PBXGroup section */

/* Begin PBXNativeTarget section */
		9FB88B071C8552610037EC9F /* StringEncodeing */ = {
			isa = PBXNativeTarget;
			buildConfigurationList = 9FB88B1F1C8552610037EC9F /* Build configuration list for PBXNativeTarget "StringEncodeing" */;
			buildPhases = (
				9FB88B041C8552610037EC9F /* Sources */,
				9FB88B051C8552610037EC9F /* Frameworks */,
				9FB88B061C8552610037EC9F /* Resources */,
			);
			buildRules = (
			);
			dependencies = (
			);
			name = StringEncodeing;
			productName = StringEncodeing;
			productReference = 9FB88B081C8552610037EC9F /* StringEncodeing.app */;
			productType = "com.apple.product-type.application";
		};
/* End PBXNativeTarget section */

/* Begin PBXProject section */
		9FB88B001C8552610037EC9F /* Project object */ = {
			isa = PBXProject;
			attributes = {
				LastUpgradeCheck = 0710;
				ORGANIZATIONNAME = zxz;
				TargetAttributes = {
					9FB88B071C8552610037EC9F = {
						CreatedOnToolsVersion = 7.1.1;
					};
				};
			};
			buildConfigurationList = 9FB88B031C8552610037EC9F /* Build configuration list for PBXProject "StringEncodeing" */;
			compatibilityVersion = "Xcode 3.2";
			developmentRegion = English;
			hasScannedForEncodings = 0;
			knownRegions = (
				en,
				Base,
			);
			mainGroup = 9FB88AFF1C8552610037EC9F;
			productRefGroup = 9FB88B091C8552610037EC9F /* Products */;
			projectDirPath = "";
			projectRoot = "";
			targets = (
				9FB88B071C8552610037EC9F /* StringEncodeing */,
			);
		};
/* End PBXProject section */

/* Begin PBXResourcesBuildPhase section */
		9FB88B061C8552610037EC9F /* Resources */ = {
			isa = PBXResourcesBuildPhase;
			buildActionMask = 2147483647;
			files = (
				9FB88B331C855AF10037EC9F /* image002.png in Resources */,
				9FB88B351C855AF10037EC9F /* TestPaper.html in Resources */,
				9FB88B1B1C8552610037EC9F /* LaunchScreen.storyboard in Resources */,
				9FB88B341C855AF10037EC9F /* themedata.thmx in Resources */,
				9FB88B181C8552610037EC9F /* Assets.xcassets in Resources */,
				9FB88B321C855AF10037EC9F /* image001.jpg in Resources */,
				9FB88B161C8552610037EC9F /* Main.storyboard in Resources */,
				9FB88B311C855AF10037EC9F /* filelist.xml in Resources */,
			);
			runOnlyForDeploymentPostprocessing = 0;
		};
/* End PBXResourcesBuildPhase section */

/* Begin PBXSourcesBuildPhase section */
		9FB88B041C8552610037EC9F /* Sources */ = {
			isa = PBXSourcesBuildPhase;
			buildActionMask = 2147483647;
			files = (
				9FB88B131C8552610037EC9F /* ViewController.m in Sources */,
				9FB88B101C8552610037EC9F /* AppDelegate.m in Sources */,
				9FB88B0D1C8552610037EC9F /* main.m in Sources */,
			);
			runOnlyForDeploymentPostprocessing = 0;
		};
/* End PBXSourcesBuildPhase section */

/* Begin PBXVariantGroup section */
		9FB88B141C8552610037EC9F /* Main.storyboard */ = {
			isa = PBXVariantGroup;
			children = (
				9FB88B151C8552610037EC9F /* Base */,
			);
			name = Main.storyboard;
			sourceTree = "<group>";
		};
		9FB88B191C8552610037EC9F /* LaunchScreen.storyboard */ = {
			isa = PBXVariantGroup;
			children = (
				9FB88B1A1C8552610037EC9F /* Base */,
			);
			name = LaunchScreen.storyboard;
			sourceTree = "<group>";
		};
/* End PBXVariantGroup section */

/* Begin XCBuildConfiguration section */
		9FB88B1D1C8552610037EC9F /* Debug */ = {
			isa = XCBuildConfiguration;
			buildSettings = {
				ALWAYS_SEARCH_USER_PATHS = NO;
				CLANG_CXX_LANGUAGE_STANDARD = "gnu++0x";
				CLANG_CXX_LIBRARY = "libc++";
				CLANG_ENABLE_MODULES = YES;
				CLANG_ENABLE_OBJC_ARC = YES;
				CLANG_WARN_BOOL_CONVERSION = YES;
				CLANG_WARN_CONSTANT_CONVERSION = YES;
				CLANG_WARN_DIRECT_OBJC_ISA_USAGE = YES_ERROR;
				CLANG_WARN_EMPTY_BODY = YES;
				CLANG_WARN_ENUM_CONVERSION = YES;
				CLANG_WARN_INT_CONVERSION = YES;
				CLANG_WARN_OBJC_ROOT_CLASS = YES_ERROR;
				CLANG_WARN_UNREACHABLE_CODE = YES;
				CLANG_WARN__DUPLICATE_METHOD_MATCH = YES;
				"CODE_SIGN_IDENTITY[sdk=iphoneos*]" = "iPhone Developer";
				COPY_PHASE_STRIP = NO;
				DEBUG_INFORMATION_FORMAT = dwarf;
				ENABLE_STRICT_OBJC_MSGSEND = YES;
				ENABLE_TESTABILITY = YES;
				GCC_C_LANGUAGE_STANDARD = gnu99;
				GCC_DYNAMIC_NO_PIC = NO;
				GCC_NO_COMMON_BLOCKS = YES;
				GCC_OPTIMIZATION_LEVEL = 0;
				GCC_PREPROCESSOR_DEFINITIONS = (
					"DEBUG=1",
					"$(inherited)",
				);
				GCC_WARN_64_TO_32_BIT_CONVERSION = YES;
				GCC_WARN_ABOUT_RETURN_TYPE = YES_ERROR;
				GCC_WARN_UNDECLARED_SELECTOR = YES;
				GCC_WARN_UNINITIALIZED_AUTOS = YES_AGGRESSIVE;
				GCC_WARN_UNUSED_FUNCTION = YES;
				GCC_WARN_UNUSED_VARIABLE = YES;
				IPHONEOS_DEPLOYMENT_TARGET = 9.1;
				MTL_ENABLE_DEBUG_INFO = YES;
				ONLY_ACTIVE_ARCH = YES;
				SDKROOT = iphoneos;
			};
			name = Debug;
		};
		9FB88B1E1C8552610037EC9F /* Release */ = {
			isa = XCBuildConfiguration;
			buildSettings = {
				ALWAYS_SEARCH_USER_PATHS = NO;
				CLANG_CXX_LANGUAGE_STANDARD = "gnu++0x";
				CLANG_CXX_LIBRARY = "libc++";
				CLANG_ENABLE_MODULES = YES;
				CLANG_ENABLE_OBJC_ARC = YES;
				CLANG_WARN_BOOL_CONVERSION = YES;
				CLANG_WARN_CONSTANT_CONVERSION = YES;
				CLANG_WARN_DIRECT_OBJC_ISA_USAGE = YES_ERROR;
				CLANG_WARN_EMPTY_BODY = YES;
				CLANG_WARN_ENUM_CONVERSION = YES;
				CLANG_WARN_INT_CONVERSION = YES;
				CLANG_WARN_OBJC_ROOT_CLASS = YES_ERROR;
				CLANG_WARN_UNREACHABLE_CODE = YES;
				CLANG_WARN__DUPLICATE_METHOD_MATCH = YES;
				"CODE_SIGN_IDENTITY[sdk=iphoneos*]" = "iPhone Developer";
				COPY_PHASE_STRIP = NO;
				DEBUG_INFORMATION_FORMAT = "dwarf-with-dsym";
				ENABLE_NS_ASSERTIONS = NO;
				ENABLE_STRICT_OBJC_MSGSEND = YES;
				GCC_C_LANGUAGE_STANDARD = gnu99;
				GCC_NO_COMMON_BLOCKS = YES;
				GCC_WARN_64_TO_32_BIT_CONVERSION = YES;
				GCC_WARN_ABOUT_RETURN_TYPE = YES_ERROR;
				GCC_WARN_UNDECLARED_SELECTOR = YES;
				GCC_WARN_UNINITIALIZED_AUTOS = YES_AGGRESSIVE;
				GCC_WARN_UNUSED_FUNCTION = YES;
				GCC_WARN_UNUSED_VARIABLE = YES;
				IPHONEOS_DEPLOYMENT_TARGET = 9.1;
				MTL_ENABLE_DEBUG_INFO = NO;
				SDKROOT = iphoneos;
				VALIDATE_PRODUCT = YES;
			};
			name = Release;
		};
		9FB88B201C8552610037EC9F /* Debug */ = {
			isa = XCBuildConfiguration;
			buildSettings = {
				ASSETCATALOG_COMPILER_APPICON_NAME = AppIcon;
				INFOPLIST_FILE = StringEncodeing/Info.plist;
				LD_RUNPATH_SEARCH_PATHS = "$(inherited) @executable_path/Frameworks";
				PRODUCT_BUNDLE_IDENTIFIER = com.zxz.StringEncodeing;
				PRODUCT_NAME = "$(TARGET_NAME)";
			};
			name = Debug;
		};
		9FB88B211C8552610037EC9F /* Release */ = {
			isa = XCBuildConfiguration;
			buildSettings = {
				ASSETCATALOG_COMPILER_APPICON_NAME = AppIcon;
				INFOPLIST_FILE = StringEncodeing/Info.plist;
				LD_RUNPATH_SEARCH_PATHS = "$(inherited) @executable_path/Frameworks";
				PRODUCT_BUNDLE_IDENTIFIER = com.zxz.StringEncodeing;
				PRODUCT_NAME = "$(TARGET_NAME)";
			};
			name = Release;
		};
/* End XCBuildConfiguration section */

/* Begin XCConfigurationList section */
		9FB88B031C8552610037EC9F /* Build configuration list for PBXProject "StringEncodeing" */ = {
			isa = XCConfigurationList;
			buildConfigurations = (
				9FB88B1D1C8552610037EC9F /* Debug */,
				9FB88B1E1C8552610037EC9F /* Release */,
			);
			defaultConfigurationIsVisible = 0;
			defaultConfigurationName = Release;
		};
		9FB88B1F1C8552610037EC9F /* Build configuration list for PBXNativeTarget "StringEncodeing" */ = {
			isa = XCConfigurationList;
			buildConfigurations = (
				9FB88B201C8552610037EC9F /* Debug */,
				9FB88B211C8552610037EC9F /* Release */,
			);
			defaultConfigurationIsVisible = 0;
		};
/* End XCConfigurationList section */
	};
	rootObject = 9FB88B001C8552610037EC9F /* Project object */;
}
